
Microsoft Visual Studio Solution File, Format Version 12.00
# Visual Studio Version 16
VisualStudioVersion = 16.0.30413.136
MinimumVisualStudioVersion = 10.0.40219.1
Project("{FAE04EC0-301F-11D3-BF4B-00C04F79EFBC}") = "Kappa.Extensions", "src\Kappa.Extensions.csproj", "{4D971474-DC01-49A2-A3DC-44FA3DDBFD74}"
EndProject
Project("{FAE04EC0-301F-11D3-BF4B-00C04F79EFBC}") = "Kappa.Extensions.UnitTests", "tests\Kappa.Extensions.UnitTests\Kappa.Extensions.UnitTests.csproj", "{5CF31F7A-EEE9-4169-976F-3A6D8D86E92F}"
EndProject
Global
	GlobalSection(SolutionConfigurationPlatforms) = preSolution
		Debug|Any CPU = Debug|Any CPU
		Release|Any CPU = Release|Any CPU
	EndGlobalSection
	GlobalSection(ProjectConfigurationPlatforms) = postSolution
		{4D971474-DC01-49A2-A3DC-44FA3DDBFD74}.Debug|Any CPU.ActiveCfg = Debug|Any CPU
		{4D971474-DC01-49A2-A3DC-44FA3DDBFD74}.Debug|Any CPU.Build.0 = Debug|Any CPU
		{4D971474-DC01-49A2-A3DC-44FA3DDBFD74}.Release|Any CPU.ActiveCfg = Release|Any CPU
		{4D971474-DC01-49A2-A3DC-44FA3DDBFD74}.Release|Any CPU.Build.0 = Release|Any CPU
		{5CF31F7A-EEE9-4169-976F-3A6D8D86E92F}.Debug|Any CPU.ActiveCfg = Debug|Any CPU
		{5CF31F7A-EEE9-4169-976F-3A6D8D86E92F}.Debug|Any CPU.Build.0 = Debug|Any CPU
		{5CF31F7A-EEE9-4169-976F-3A6D8D86E92F}.Release|Any CPU.ActiveCfg = Release|Any CPU
		{5CF31F7A-EEE9-4169-976F-3A6D8D86E92F}.Release|Any CPU.Build.0 = Release|Any CPU
	EndGlobalSection
	GlobalSection(SolutionProperties) = preSolution
		HideSolutionNode = FALSE
	EndGlobalSection
	GlobalSection(ExtensibilityGlobals) = postSolution
		SolutionGuid = {E3361914-1263-4B3D-85E4-4E1D50451937}
	EndGlobalSection
EndGlobal
